// !$*UTF8*$!
{
	archiveVersion = 1;
	classes = {
	};
	objectVersion = 55;
	objects = {

/* Begin PBXBuildFile section */
		29B9DAED28D0425D004C04C2 /* AppDelegate.swift in Sources */ = {isa = PBXBuildFile; fileRef = 29B9DAEC28D0425D004C04C2 /* AppDelegate.swift */; };
		29B9DAEF28D0425D004C04C2 /* SceneDelegate.swift in Sources */ = {isa = PBXBuildFile; fileRef = 29B9DAEE28D0425D004C04C2 /* SceneDelegate.swift */; };
		29B9DAF128D0425D004C04C2 /* ViewController.swift in Sources */ = {isa = PBXBuildFile; fileRef = 29B9DAF028D0425D004C04C2 /* ViewController.swift */; };
		29B9DAF428D0425D004C04C2 /* Main.storyboard in Resources */ = {isa = PBXBuildFile; fileRef = 29B9DAF228D0425D004C04C2 /* Main.storyboard */; };
		29B9DAF628D0425F004C04C2 /* Assets.xcassets in Resources */ = {isa = PBXBuildFile; fileRef = 29B9DAF528D0425F004C04C2 /* Assets.xcassets */; };
		29B9DAF928D0425F004C04C2 /* LaunchScreen.storyboard in Resources */ = {isa = PBXBuildFile; fileRef = 29B9DAF728D0425F004C04C2 /* LaunchScreen.storyboard */; };
		29B9DB0428D042D6004C04C2 /* WeatherData.swift in Sources */ = {isa = PBXBuildFile; fileRef = 29B9DB0328D042D6004C04C2 /* WeatherData.swift */; };
		29B9DB0628D043AF004C04C2 /* WeatherModel.swift in Sources */ = {isa = PBXBuildFile; fileRef = 29B9DB0528D043AF004C04C2 /* WeatherModel.swift */; };
		29B9DB0828D0444C004C04C2 /* WeatherManager.swift in Sources */ = {isa = PBXBuildFile; fileRef = 29B9DB0728D0444C004C04C2 /* WeatherManager.swift */; };
/* End PBXBuildFile section */

/* Begin PBXFileReference section */
		29B9DAE928D0425D004C04C2 /* whereWheather.app */ = {isa = PBXFileReference; explicitFileType = wrapper.application; includeInIndex = 0; path = whereWheather.app; sourceTree = BUILT_PRODUCTS_DIR; };
		29B9DAEC28D0425D004C04C2 /* AppDelegate.swift */ = {isa = PBXFileReference; lastKnownFileType = sourcecode.swift; path = AppDelegate.swift; sourceTree = "<group>"; };
		29B9DAEE28D0425D004C04C2 /* SceneDelegate.swift */ = {isa = PBXFileReference; lastKnownFileType = sourcecode.swift; path = SceneDelegate.swift; sourceTree = "<group>"; };
		29B9DAF028D0425D004C04C2 /* ViewController.swift */ = {isa = PBXFileReference; lastKnownFileType = sourcecode.swift; path = ViewController.swift; sourceTree = "<group>"; };
		29B9DAF328D0425D004C04C2 /* Base */ = {isa = PBXFileReference; lastKnownFileType = file.storyboard; name = Base; path = Base.lproj/Main.storyboard; sourceTree = "<group>"; };
		29B9DAF528D0425F004C04C2 /* Assets.xcassets */ = {isa = PBXFileReference; lastKnownFileType = folder.assetcatalog; path = Assets.xcassets; sourceTree = "<group>"; };
		29B9DAF828D0425F004C04C2 /* Base */ = {isa = PBXFileReference; lastKnownFileType = file.storyboard; name = Base; path = Base.lproj/LaunchScreen.storyboard; sourceTree = "<group>"; };
		29B9DAFA28D0425F004C04C2 /* Info.plist */ = {isa = PBXFileReference; lastKnownFileType = text.plist.xml; path = Info.plist; sourceTree = "<group>"; };
		29B9DB0328D042D6004C04C2 /* WeatherData.swift */ = {isa = PBXFileReference; lastKnownFileType = sourcecode.swift; path = WeatherData.swift; sourceTree = "<group>"; };
		29B9DB0528D043AF004C04C2 /* WeatherModel.swift */ = {isa = PBXFileReference; lastKnownFileType = sourcecode.swift; path = WeatherModel.swift; sourceTree = "<group>"; };
		29B9DB0728D0444C004C04C2 /* WeatherManager.swift */ = {isa = PBXFileReference; lastKnownFileType = sourcecode.swift; path = WeatherManager.swift; sourceTree = "<group>"; };
/* End PBXFileReference section */

/* Begin PBXFrameworksBuildPhase section */
		29B9DAE628D0425D004C04C2 /* Frameworks */ = {
			isa = PBXFrameworksBuildPhase;
			buildActionMask = 2147483647;
			files = (
			);
			runOnlyForDeploymentPostprocessing = 0;
		};
/* End PBXFrameworksBuildPhase section */

/* Begin PBXGroup section */
		29B9DAE028D0425D004C04C2 = {
			isa = PBXGroup;
			children = (
				29B9DAEB28D0425D004C04C2 /* whereWheather */,
				29B9DAEA28D0425D004C04C2 /* Products */,
			);
			sourceTree = "<group>";
		};
		29B9DAEA28D0425D004C04C2 /* Products */ = {
			isa = PBXGroup;
			children = (
				29B9DAE928D0425D004C04C2 /* whereWheather.app */,
			);
			name = Products;
			sourceTree = "<group>";
		};
		29B9DAEB28D0425D004C04C2 /* whereWheather */ = {
			isa = PBXGroup;
			children = (
				29B9DAEC28D0425D004C04C2 /* AppDelegate.swift */,
				29B9DAEE28D0425D004C04C2 /* SceneDelegate.swift */,
				29B9DB0228D0429E004C04C2 /* Model */,
				29B9DB0128D04291004C04C2 /* Controller */,
				29B9DB0028D0427B004C04C2 /* View */,
				29B9DAF528D0425F004C04C2 /* Assets.xcassets */,
				29B9DAF728D0425F004C04C2 /* LaunchScreen.storyboard */,
				29B9DAFA28D0425F004C04C2 /* Info.plist */,
			);
			path = whereWheather;
			sourceTree = "<group>";
		};
		29B9DB0028D0427B004C04C2 /* View */ = {
			isa = PBXGroup;
			children = (
				29B9DAF228D0425D004C04C2 /* Main.storyboard */,
			);
			path = View;
			sourceTree = "<group>";
		};
		29B9DB0128D04291004C04C2 /* Controller */ = {
			isa = PBXGroup;
			children = (
				29B9DAF028D0425D004C04C2 /* ViewController.swift */,
			);
			path = Controller;
			sourceTree = "<group>";
		};
		29B9DB0228D0429E004C04C2 /* Model */ = {
			isa = PBXGroup;
			children = (
				29B9DB0328D042D6004C04C2 /* WeatherData.swift */,
				29B9DB0528D043AF004C04C2 /* WeatherModel.swift */,
				29B9DB0728D0444C004C04C2 /* WeatherManager.swift */,
			);
			path = Model;
			sourceTree = "<group>";
		};
/* End PBXGroup section */

/* Begin PBXNativeTarget section */
		29B9DAE828D0425D004C04C2 /* whereWheather */ = {
			isa = PBXNativeTarget;
			buildConfigurationList = 29B9DAFD28D0425F004C04C2 /* Build configuration list for PBXNativeTarget "whereWheather" */;
			buildPhases = (
				29B9DAE528D0425D004C04C2 /* Sources */,
				29B9DAE628D0425D004C04C2 /* Frameworks */,
				29B9DAE728D0425D004C04C2 /* Resources */,
			);
			buildRules = (
			);
			dependencies = (
			);
			name = whereWheather;
			productName = whereWheather;
			productReference = 29B9DAE928D0425D004C04C2 /* whereWheather.app */;
			productType = "com.apple.product-type.application";
		};
/* End PBXNativeTarget section */

/* Begin PBXProject section */
		29B9DAE128D0425D004C04C2 /* Project object */ = {
			isa = PBXProject;
			attributes = {
				BuildIndependentTargetsInParallel = 1;
				LastSwiftUpdateCheck = 1340;
				LastUpgradeCheck = 1340;
				TargetAttributes = {
					29B9DAE828D0425D004C04C2 = {
						CreatedOnToolsVersion = 13.4.1;
					};
				};
			};
			buildConfigurationList = 29B9DAE428D0425D004C04C2 /* Build configuration list for PBXProject "whereWheather" */;
			compatibilityVersion = "Xcode 13.0";
			developmentRegion = en;
			hasScannedForEncodings = 0;
			knownRegions = (
				en,
				Base,
			);
			mainGroup = 29B9DAE028D0425D004C04C2;
			productRefGroup = 29B9DAEA28D0425D004C04C2 /* Products */;
			projectDirPath = "";
			projectRoot = "";
			targets = (
				29B9DAE828D0425D004C04C2 /* whereWheather */,
			);
		};
/* End PBXProject section */

/* Begin PBXResourcesBuildPhase section */
		29B9DAE728D0425D004C04C2 /* Resources */ = {
			isa = PBXResourcesBuildPhase;
			buildActionMask = 2147483647;
			files = (
				29B9DAF928D0425F004C04C2 /* LaunchScreen.storyboard in Resources */,
				29B9DAF628D0425F004C04C2 /* Assets.xcassets in Resources */,
				29B9DAF428D0425D004C04C2 /* Main.storyboard in Resources */,
			);
			runOnlyForDeploymentPostprocessing = 0;
		};
/* End PBXResourcesBuildPhase section */

/* Begin PBXSourcesBuildPhase section */
		29B9DAE528D0425D004C04C2 /* Sources */ = {
			isa = PBXSourcesBuildPhase;
			buildActionMask = 2147483647;
			files = (
				29B9DB0828D0444C004C04C2 /* WeatherManager.swift in Sources */,
				29B9DAF128D0425D004C04C2 /* ViewController.swift in Sources */,
				29B9DAED28D0425D004C04C2 /* AppDelegate.swift in Sources */,
				29B9DB0428D042D6004C04C2 /* WeatherData.swift in Sources */,
				29B9DAEF28D0425D004C04C2 /* SceneDelegate.swift in Sources */,
				29B9DB0628D043AF004C04C2 /* WeatherModel.swift in Sources */,
			);
			runOnlyForDeploymentPostprocessing = 0;
		};
/* End PBXSourcesBuildPhase section */

/* Begin PBXVariantGroup section */
		29B9DAF228D0425D004C04C2 /* Main.storyboard */ = {
			isa = PBXVariantGroup;
			children = (
				29B9DAF328D0425D004C04C2 /* Base */,
			);
			name = Main.storyboard;
			sourceTree = "<group>";
		};
		29B9DAF728D0425F004C04C2 /* LaunchScreen.storyboard */ = {
			isa = PBXVariantGroup;
			children = (
				29B9DAF828D0425F004C04C2 /* Base */,
			);
			name = LaunchScreen.storyboard;
			sourceTree = "<group>";
		};
/* End PBXVariantGroup section */

/* Begin XCBuildConfiguration section */
		29B9DAFB28D0425F004C04C2 /* Debug */ = {
			isa = XCBuildConfiguration;
			buildSettings = {
				ALWAYS_SEARCH_USER_PATHS = NO;
				CLANG_ANALYZER_NONNULL = YES;
				CLANG_ANALYZER_NUMBER_OBJECT_CONVERSION = YES_AGGRESSIVE;
				CLANG_CXX_LANGUAGE_STANDARD = "gnu++17";
				CLANG_ENABLE_MODULES = YES;
				CLANG_ENABLE_OBJC_ARC = YES;
				CLANG_ENABLE_OBJC_WEAK = YES;
				CLANG_WARN_BLOCK_CAPTURE_AUTORELEASING = YES;
				CLANG_WARN_BOOL_CONVERSION = YES;
				CLANG_WARN_COMMA = YES;
				CLANG_WARN_CONSTANT_CONVERSION = YES;
				CLANG_WARN_DEPRECATED_OBJC_IMPLEMENTATIONS = YES;
				CLANG_WARN_DIRECT_OBJC_ISA_USAGE = YES_ERROR;
				CLANG_WARN_DOCUMENTATION_COMMENTS = YES;
				CLANG_WARN_EMPTY_BODY = YES;
				CLANG_WARN_ENUM_CONVERSION = YES;
				CLANG_WARN_INFINITE_RECURSION = YES;
				CLANG_WARN_INT_CONVERSION = YES;
				CLANG_WARN_NON_LITERAL_NULL_CONVERSION = YES;
				CLANG_WARN_OBJC_IMPLICIT_RETAIN_SELF = YES;
				CLANG_WARN_OBJC_LITERAL_CONVERSION = YES;
				CLANG_WARN_OBJC_ROOT_CLASS = YES_ERROR;
				CLANG_WARN_QUOTED_INCLUDE_IN_FRAMEWORK_HEADER = YES;
				CLANG_WARN_RANGE_LOOP_ANALYSIS = YES;
				CLANG_WARN_STRICT_PROTOTYPES = YES;
				CLANG_WARN_SUSPICIOUS_MOVE = YES;
				CLANG_WARN_UNGUARDED_AVAILABILITY = YES_AGGRESSIVE;
				CLANG_WARN_UNREACHABLE_CODE = YES;
				CLANG_WARN__DUPLICATE_METHOD_MATCH = YES;
				COPY_PHASE_STRIP = NO;
				DEBUG_INFORMATION_FORMAT = dwarf;
				ENABLE_STRICT_OBJC_MSGSEND = YES;
				ENABLE_TESTABILITY = YES;
				GCC_C_LANGUAGE_STANDARD = gnu11;
				GCC_DYNAMIC_NO_PIC = NO;
				GCC_NO_COMMON_BLOCKS = YES;
				GCC_OPTIMIZATION_LEVEL = 0;
				GCC_PREPROCESSOR_DEFINITIONS = (
					"DEBUG=1",
					"$(inherited)",
				);
				GCC_WARN_64_TO_32_BIT_CONVERSION = YES;
				GCC_WARN_ABOUT_RETURN_TYPE = YES_ERROR;
				GCC_WARN_UNDECLARED_SELECTOR = YES;
				GCC_WARN_UNINITIALIZED_AUTOS = YES_AGGRESSIVE;
				GCC_WARN_UNUSED_FUNCTION = YES;
				GCC_WARN_UNUSED_VARIABLE = YES;
				IPHONEOS_DEPLOYMENT_TARGET = 15.5;
				MTL_ENABLE_DEBUG_INFO = INCLUDE_SOURCE;
				MTL_FAST_MATH = YES;
				ONLY_ACTIVE_ARCH = YES;
				SDKROOT = iphoneos;
				SWIFT_ACTIVE_COMPILATION_CONDITIONS = DEBUG;
				SWIFT_OPTIMIZATION_LEVEL = "-Onone";
			};
			name = Debug;
		};
		29B9DAFC28D0425F004C04C2 /* Release */ = {
			isa = XCBuildConfiguration;
			buildSettings = {
				ALWAYS_SEARCH_USER_PATHS = NO;
				CLANG_ANALYZER_NONNULL = YES;
				CLANG_ANALYZER_NUMBER_OBJECT_CONVERSION = YES_AGGRESSIVE;
				CLANG_CXX_LANGUAGE_STANDARD = "gnu++17";
				CLANG_ENABLE_MODULES = YES;
				CLANG_ENABLE_OBJC_ARC = YES;
				CLANG_ENABLE_OBJC_WEAK = YES;
				CLANG_WARN_BLOCK_CAPTURE_AUTORELEASING = YES;
				CLANG_WARN_BOOL_CONVERSION = YES;
				CLANG_WARN_COMMA = YES;
				CLANG_WARN_CONSTANT_CONVERSION = YES;
				CLANG_WARN_DEPRECATED_OBJC_IMPLEMENTATIONS = YES;
				CLANG_WARN_DIRECT_OBJC_ISA_USAGE = YES_ERROR;
				CLANG_WARN_DOCUMENTATION_COMMENTS = YES;
				CLANG_WARN_EMPTY_BODY = YES;
				CLANG_WARN_ENUM_CONVERSION = YES;
				CLANG_WARN_INFINITE_RECURSION = YES;
				CLANG_WARN_INT_CONVERSION = YES;
				CLANG_WARN_NON_LITERAL_NULL_CONVERSION = YES;
				CLANG_WARN_OBJC_IMPLICIT_RETAIN_SELF = YES;
				CLANG_WARN_OBJC_LITERAL_CONVERSION = YES;
				CLANG_WARN_OBJC_ROOT_CLASS = YES_ERROR;
				CLANG_WARN_QUOTED_INCLUDE_IN_FRAMEWORK_HEADER = YES;
				CLANG_WARN_RANGE_LOOP_ANALYSIS = YES;
				CLANG_WARN_STRICT_PROTOTYPES = YES;
				CLANG_WARN_SUSPICIOUS_MOVE = YES;
				CLANG_WARN_UNGUARDED_AVAILABILITY = YES_AGGRESSIVE;
				CLANG_WARN_UNREACHABLE_CODE = YES;
				CLANG_WARN__DUPLICATE_METHOD_MATCH = YES;
				COPY_PHASE_STRIP = NO;
				DEBUG_INFORMATION_FORMAT = "dwarf-with-dsym";
				ENABLE_NS_ASSERTIONS = NO;
				ENABLE_STRICT_OBJC_MSGSEND = YES;
				GCC_C_LANGUAGE_STANDARD = gnu11;
				GCC_NO_COMMON_BLOCKS = YES;
				GCC_WARN_64_TO_32_BIT_CONVERSION = YES;
				GCC_WARN_ABOUT_RETURN_TYPE = YES_ERROR;
				GCC_WARN_UNDECLARED_SELECTOR = YES;
				GCC_WARN_UNINITIALIZED_AUTOS = YES_AGGRESSIVE;
				GCC_WARN_UNUSED_FUNCTION = YES;
				GCC_WARN_UNUSED_VARIABLE = YES;
				IPHONEOS_DEPLOYMENT_TARGET = 15.5;
				MTL_ENABLE_DEBUG_INFO = NO;
				MTL_FAST_MATH = YES;
				SDKROOT = iphoneos;
				SWIFT_COMPILATION_MODE = wholemodule;
				SWIFT_OPTIMIZATION_LEVEL = "-O";
				VALIDATE_PRODUCT = YES;
			};
			name = Release;
		};
		29B9DAFE28D0425F004C04C2 /* Debug */ = {
			isa = XCBuildConfiguration;
			buildSettings = {
				ASSETCATALOG_COMPILER_APPICON_NAME = AppIcon;
				ASSETCATALOG_COMPILER_GLOBAL_ACCENT_COLOR_NAME = AccentColor;
				CODE_SIGN_STYLE = Automatic;
				CURRENT_PROJECT_VERSION = 1;
				DEVELOPMENT_TEAM = 47F2K76WB8;
				GENERATE_INFOPLIST_FILE = YES;
				INFOPLIST_FILE = whereWheather/Info.plist;
				INFOPLIST_KEY_UIApplicationSupportsIndirectInputEvents = YES;
				INFOPLIST_KEY_UILaunchStoryboardName = LaunchScreen;
				INFOPLIST_KEY_UIMainStoryboardFile = Main;
				INFOPLIST_KEY_UISupportedInterfaceOrientations_iPad = "UIInterfaceOrientationPortrait UIInterfaceOrientationPortraitUpsideDown UIInterfaceOrientationLandscapeLeft UIInterfaceOrientationLandscapeRight";
				INFOPLIST_KEY_UISupportedInterfaceOrientations_iPhone = "UIInterfaceOrientationPortrait UIInterfaceOrientationLandscapeLeft UIInterfaceOrientationLandscapeRight";
				LD_RUNPATH_SEARCH_PATHS = (
					"$(inherited)",
					"@executable_path/Frameworks",
				);
				MARKETING_VERSION = 1.0;
				PRODUCT_BUNDLE_IDENTIFIER = "-7Jun.whereWheather";
				PRODUCT_NAME = "$(TARGET_NAME)";
				SWIFT_EMIT_LOC_STRINGS = YES;
				SWIFT_VERSION = 5.0;
				TARGETED_DEVICE_FAMILY = "1,2";
			};
			name = Debug;
		};
		29B9DAFF28D0425F004C04C2 /* Release */ = {
			isa = XCBuildConfiguration;
			buildSettings = {
				ASSETCATALOG_COMPILER_APPICON_NAME = AppIcon;
				ASSETCATALOG_COMPILER_GLOBAL_ACCENT_COLOR_NAME = AccentColor;
				CODE_SIGN_STYLE = Automatic;
				CURRENT_PROJECT_VERSION = 1;
				DEVELOPMENT_TEAM = 47F2K76WB8;
				GENERATE_INFOPLIST_FILE = YES;
				INFOPLIST_FILE = whereWheather/Info.plist;
				INFOPLIST_KEY_UIApplicationSupportsIndirectInputEvents = YES;
				INFOPLIST_KEY_UILaunchStoryboardName = LaunchScreen;
				INFOPLIST_KEY_UIMainStoryboardFile = Main;
				INFOPLIST_KEY_UISupportedInterfaceOrientations_iPad = "UIInterfaceOrientationPortrait UIInterfaceOrientationPortraitUpsideDown UIInterfaceOrientationLandscapeLeft UIInterfaceOrientationLandscapeRight";
				INFOPLIST_KEY_UISupportedInterfaceOrientations_iPhone = "UIInterfaceOrientationPortrait UIInterfaceOrientationLandscapeLeft UIInterfaceOrientationLandscapeRight";
				LD_RUNPATH_SEARCH_PATHS = (
					"$(inherited)",
					"@executable_path/Frameworks",
				);
				MARKETING_VERSION = 1.0;
				PRODUCT_BUNDLE_IDENTIFIER = "-7Jun.whereWheather";
				PRODUCT_NAME = "$(TARGET_NAME)";
				SWIFT_EMIT_LOC_STRINGS = YES;
				SWIFT_VERSION = 5.0;
				TARGETED_DEVICE_FAMILY = "1,2";
			};
			name = Release;
		};
/* End XCBuildConfiguration section */

/* Begin XCConfigurationList section */
		29B9DAE428D0425D004C04C2 /* Build configuration list for PBXProject "whereWheather" */ = {
			isa = XCConfigurationList;
			buildConfigurations = (
				29B9DAFB28D0425F004C04C2 /* Debug */,
				29B9DAFC28D0425F004C04C2 /* Release */,
			);
			defaultConfigurationIsVisible = 0;
			defaultConfigurationName = Release;
		};
		29B9DAFD28D0425F004C04C2 /* Build configuration list for PBXNativeTarget "whereWheather" */ = {
			isa = XCConfigurationList;
			buildConfigurations = (
				29B9DAFE28D0425F004C04C2 /* Debug */,
				29B9DAFF28D0425F004C04C2 /* Release */,
			);
			defaultConfigurationIsVisible = 0;
			defaultConfigurationName = Release;
		};
/* End XCConfigurationList section */
	};
	rootObject = 29B9DAE128D0425D004C04C2 /* Project object */;
}
